
Microsoft Visual Studio Solution File, Format Version 12.00
# Visual Studio Version 16
VisualStudioVersion = 16.0.32901.82
MinimumVisualStudioVersion = 10.0.40219.1
Project("{FAE04EC0-301F-11D3-BF4B-00C04F79EFBC}") = "Zigzag-Conversion", "Zigzag-Conversion.csproj", "{9B19B297-9955-4342-9CA5-4A0A09CC4665}"
EndProject
Global
	GlobalSection(SolutionConfigurationPlatforms) = preSolution
		Debug|Any CPU = Debug|Any CPU
		Release|Any CPU = Release|Any CPU
	EndGlobalSection
	GlobalSection(ProjectConfigurationPlatforms) = postSolution
		{9B19B297-9955-4342-9CA5-4A0A09CC4665}.Debug|Any CPU.ActiveCfg = Debug|Any CPU
		{9B19B297-9955-4342-9CA5-4A0A09CC4665}.Debug|Any CPU.Build.0 = Debug|Any CPU
		{9B19B297-9955-4342-9CA5-4A0A09CC4665}.Release|Any CPU.ActiveCfg = Release|Any CPU
		{9B19B297-9955-4342-9CA5-4A0A09CC4665}.Release|Any CPU.Build.0 = Release|Any CPU
	EndGlobalSection
	GlobalSection(SolutionProperties) = preSolution
		HideSolutionNode = FALSE
	EndGlobalSection
	GlobalSection(ExtensibilityGlobals) = postSolution
		SolutionGuid = {C619CAD0-842D-43DB-97B5-A8E4D0A73A9C}
	EndGlobalSection
EndGlobal
